
Microsoft Visual Studio Solution File, Format Version 12.00
# Visual Studio Version 17
VisualStudioVersion = 17.13.35931.197 d17.13
MinimumVisualStudioVersion = 10.0.40219.1
Project("{FAE04EC0-301F-11D3-BF4B-00C04F79EFBC}") = "BloomFilter.Scratch", "BloomFilter\BloomFilter.Scratch.csproj", "{5D47B90E-2FFF-45ED-B3B2-A894ABCE79B3}"
EndProject
Project("{FAE04EC0-301F-11D3-BF4B-00C04F79EFBC}") = "BloomFilter.Core", "BloomFilter.Core\BloomFilter.Core.csproj", "{C88B97AE-E2BC-420D-97C0-73ED101F82ED}"
EndProject
Project("{FAE04EC0-301F-11D3-BF4B-00C04F79EFBC}") = "BloomFilter.Demo", "BloomFilter.Demo\BloomFilter.Demo.csproj", "{4D0BB398-8469-F19B-C023-ABBF97AE8E5B}"
EndProject
Global
	GlobalSection(SolutionConfigurationPlatforms) = preSolution
		Debug|Any CPU = Debug|Any CPU
		Release|Any CPU = Release|Any CPU
	EndGlobalSection
	GlobalSection(ProjectConfigurationPlatforms) = postSolution
		{5D47B90E-2FFF-45ED-B3B2-A894ABCE79B3}.Debug|Any CPU.ActiveCfg = Debug|Any CPU
		{5D47B90E-2FFF-45ED-B3B2-A894ABCE79B3}.Debug|Any CPU.Build.0 = Debug|Any CPU
		{5D47B90E-2FFF-45ED-B3B2-A894ABCE79B3}.Release|Any CPU.ActiveCfg = Release|Any CPU
		{5D47B90E-2FFF-45ED-B3B2-A894ABCE79B3}.Release|Any CPU.Build.0 = Release|Any CPU
		{C88B97AE-E2BC-420D-97C0-73ED101F82ED}.Debug|Any CPU.ActiveCfg = Debug|Any CPU
		{C88B97AE-E2BC-420D-97C0-73ED101F82ED}.Debug|Any CPU.Build.0 = Debug|Any CPU
		{C88B97AE-E2BC-420D-97C0-73ED101F82ED}.Release|Any CPU.ActiveCfg = Release|Any CPU
		{C88B97AE-E2BC-420D-97C0-73ED101F82ED}.Release|Any CPU.Build.0 = Release|Any CPU
		{4D0BB398-8469-F19B-C023-ABBF97AE8E5B}.Debug|Any CPU.ActiveCfg = Debug|Any CPU
		{4D0BB398-8469-F19B-C023-ABBF97AE8E5B}.Debug|Any CPU.Build.0 = Debug|Any CPU
		{4D0BB398-8469-F19B-C023-ABBF97AE8E5B}.Release|Any CPU.ActiveCfg = Release|Any CPU
		{4D0BB398-8469-F19B-C023-ABBF97AE8E5B}.Release|Any CPU.Build.0 = Release|Any CPU
	EndGlobalSection
	GlobalSection(SolutionProperties) = preSolution
		HideSolutionNode = FALSE
	EndGlobalSection
	GlobalSection(ExtensibilityGlobals) = postSolution
		SolutionGuid = {BA86B31E-C2AC-4033-AC3C-C1BBC8FD7918}
	EndGlobalSection
EndGlobal
